
Microsoft Visual Studio Solution File, Format Version 12.00
# Visual Studio Version 16
VisualStudioVersion = 16.0.31911.196
MinimumVisualStudioVersion = 10.0.40219.1
Project("{9A19103F-16F7-4668-BE54-9A1E7A4F7556}") = "GB_5.1", "GB_5.1\GB_5.1.csproj", "{868BCE49-15A3-49AE-B84F-23FBA0CDE5C7}"
EndProject
Project("{9A19103F-16F7-4668-BE54-9A1E7A4F7556}") = "GB_5.2", "GB_5.2\GB_5.2.csproj", "{7FD0C591-EA60-40F0-B400-9D42377F3197}"
EndProject
Project("{FAE04EC0-301F-11D3-BF4B-00C04F79EFBC}") = "GB_5.3", "GB_5.3\GB_5.3.csproj", "{DEDECA5F-A579-4598-8994-8E5EBDCA6534}"
EndProject
Project("{FAE04EC0-301F-11D3-BF4B-00C04F79EFBC}") = "GB_5.4", "GB_5.4\GB_5.4.csproj", "{972A7C89-7BC2-4861-AF4A-303FEB8A4061}"
EndProject
Global
	GlobalSection(SolutionConfigurationPlatforms) = preSolution
		Debug|Any CPU = Debug|Any CPU
		Release|Any CPU = Release|Any CPU
	EndGlobalSection
	GlobalSection(ProjectConfigurationPlatforms) = postSolution
		{868BCE49-15A3-49AE-B84F-23FBA0CDE5C7}.Debug|Any CPU.ActiveCfg = Debug|Any CPU
		{868BCE49-15A3-49AE-B84F-23FBA0CDE5C7}.Debug|Any CPU.Build.0 = Debug|Any CPU
		{868BCE49-15A3-49AE-B84F-23FBA0CDE5C7}.Release|Any CPU.ActiveCfg = Release|Any CPU
		{868BCE49-15A3-49AE-B84F-23FBA0CDE5C7}.Release|Any CPU.Build.0 = Release|Any CPU
		{7FD0C591-EA60-40F0-B400-9D42377F3197}.Debug|Any CPU.ActiveCfg = Debug|Any CPU
		{7FD0C591-EA60-40F0-B400-9D42377F3197}.Debug|Any CPU.Build.0 = Debug|Any CPU
		{7FD0C591-EA60-40F0-B400-9D42377F3197}.Release|Any CPU.ActiveCfg = Release|Any CPU
		{7FD0C591-EA60-40F0-B400-9D42377F3197}.Release|Any CPU.Build.0 = Release|Any CPU
		{DEDECA5F-A579-4598-8994-8E5EBDCA6534}.Debug|Any CPU.ActiveCfg = Debug|Any CPU
		{DEDECA5F-A579-4598-8994-8E5EBDCA6534}.Debug|Any CPU.Build.0 = Debug|Any CPU
		{DEDECA5F-A579-4598-8994-8E5EBDCA6534}.Release|Any CPU.ActiveCfg = Release|Any CPU
		{DEDECA5F-A579-4598-8994-8E5EBDCA6534}.Release|Any CPU.Build.0 = Release|Any CPU
		{972A7C89-7BC2-4861-AF4A-303FEB8A4061}.Debug|Any CPU.ActiveCfg = Debug|Any CPU
		{972A7C89-7BC2-4861-AF4A-303FEB8A4061}.Debug|Any CPU.Build.0 = Debug|Any CPU
		{972A7C89-7BC2-4861-AF4A-303FEB8A4061}.Release|Any CPU.ActiveCfg = Release|Any CPU
		{972A7C89-7BC2-4861-AF4A-303FEB8A4061}.Release|Any CPU.Build.0 = Release|Any CPU
	EndGlobalSection
	GlobalSection(SolutionProperties) = preSolution
		HideSolutionNode = FALSE
	EndGlobalSection
	GlobalSection(ExtensibilityGlobals) = postSolution
		SolutionGuid = {EA7A643B-C3F4-47F6-A206-1B86439F1A97}
	EndGlobalSection
EndGlobal
